
Microsoft Visual Studio Solution File, Format Version 12.00
# Visual Studio Version 17
VisualStudioVersion = 17.14.36804.6 d17.14
MinimumVisualStudioVersion = 10.0.40219.1
Project("{FAE04EC0-301F-11D3-BF4B-00C04F79EFBC}") = "ACT_1A_PRACTICE_ACTIVITIES", "ACT_1A_PRACTICE_ACTIVITIES\ACT_1A_PRACTICE_ACTIVITIES.csproj", "{DC072AF3-5599-43C3-9FAC-F65162C83D33}"
EndProject
Global
	GlobalSection(SolutionConfigurationPlatforms) = preSolution
		Debug|Any CPU = Debug|Any CPU
		Release|Any CPU = Release|Any CPU
	EndGlobalSection
	GlobalSection(ProjectConfigurationPlatforms) = postSolution
		{DC072AF3-5599-43C3-9FAC-F65162C83D33}.Debug|Any CPU.ActiveCfg = Debug|Any CPU
		{DC072AF3-5599-43C3-9FAC-F65162C83D33}.Debug|Any CPU.Build.0 = Debug|Any CPU
		{DC072AF3-5599-43C3-9FAC-F65162C83D33}.Release|Any CPU.ActiveCfg = Release|Any CPU
		{DC072AF3-5599-43C3-9FAC-F65162C83D33}.Release|Any CPU.Build.0 = Release|Any CPU
	EndGlobalSection
	GlobalSection(SolutionProperties) = preSolution
		HideSolutionNode = FALSE
	EndGlobalSection
	GlobalSection(ExtensibilityGlobals) = postSolution
		SolutionGuid = {58630F75-F6D6-4B65-B294-6066C3E2DB7E}
	EndGlobalSection
EndGlobal
