
Microsoft Visual Studio Solution File, Format Version 12.00
# Visual Studio Version 17
VisualStudioVersion = 17.14.36804.6 d17.14
MinimumVisualStudioVersion = 10.0.40219.1
Project("{FAE04EC0-301F-11D3-BF4B-00C04F79EFBC}") = "ACTIVITY_2", "ACTIVITY_2\ACTIVITY_2.csproj", "{38EA92E2-6ED9-473B-A131-EA1A37996E61}"
EndProject
Global
	GlobalSection(SolutionConfigurationPlatforms) = preSolution
		Debug|Any CPU = Debug|Any CPU
		Release|Any CPU = Release|Any CPU
	EndGlobalSection
	GlobalSection(ProjectConfigurationPlatforms) = postSolution
		{38EA92E2-6ED9-473B-A131-EA1A37996E61}.Debug|Any CPU.ActiveCfg = Debug|Any CPU
		{38EA92E2-6ED9-473B-A131-EA1A37996E61}.Debug|Any CPU.Build.0 = Debug|Any CPU
		{38EA92E2-6ED9-473B-A131-EA1A37996E61}.Release|Any CPU.ActiveCfg = Release|Any CPU
		{38EA92E2-6ED9-473B-A131-EA1A37996E61}.Release|Any CPU.Build.0 = Release|Any CPU
	EndGlobalSection
	GlobalSection(SolutionProperties) = preSolution
		HideSolutionNode = FALSE
	EndGlobalSection
	GlobalSection(ExtensibilityGlobals) = postSolution
		SolutionGuid = {7666AB50-A415-4CB0-90BF-D9E8A03D0BD7}
	EndGlobalSection
EndGlobal
